
Microsoft Visual Studio Solution File, Format Version 10.00
# Visual Studio 2008
Project("{E24C65DC-7377-472B-9ABA-BC803B73C61A}") = "NexusService", "NexusService\", "{073F4424-D2E3-4B3E-A9BC-CC9ECD59FBB1}"
	ProjectSection(WebsiteProperties) = preProject
		TargetFramework = "3.5"
		Debug.AspNetCompiler.VirtualPath = "/NexusService"
		Debug.AspNetCompiler.PhysicalPath = "NexusService\"
		Debug.AspNetCompiler.TargetPath = "PrecompiledWeb\NexusService\"
		Debug.AspNetCompiler.Updateable = "true"
		Debug.AspNetCompiler.ForceOverwrite = "true"
		Debug.AspNetCompiler.FixedNames = "false"
		Debug.AspNetCompiler.Debug = "True"
		Release.AspNetCompiler.VirtualPath = "/NexusService"
		Release.AspNetCompiler.PhysicalPath = "NexusService\"
		Release.AspNetCompiler.TargetPath = "PrecompiledWeb\NexusService\"
		Release.AspNetCompiler.Updateable = "true"
		Release.AspNetCompiler.ForceOverwrite = "true"
		Release.AspNetCompiler.FixedNames = "false"
		Release.AspNetCompiler.Debug = "False"
		VWDPort = "58585"
		DefaultWebSiteLanguage = "Visual C#"
	EndProjectSection
EndProject
Project("{FAE04EC0-301F-11D3-BF4B-00C04F79EFBC}") = "DataLayer", "DataLayer\DataLayer.csproj", "{24B23C00-3672-460C-9873-6DA1CD0DFE76}"
EndProject
Project("{FAE04EC0-301F-11D3-BF4B-00C04F79EFBC}") = "BussinessLayer", "BussinessLayer\BussinessLayer.csproj", "{DD8901C6-27F9-4F50-8790-818A62F991CB}"
EndProject
Global
	GlobalSection(SolutionConfigurationPlatforms) = preSolution
		Debug|.NET = Debug|.NET
		Debug|Any CPU = Debug|Any CPU
		Debug|Mixed Platforms = Debug|Mixed Platforms
		Release|.NET = Release|.NET
		Release|Any CPU = Release|Any CPU
		Release|Mixed Platforms = Release|Mixed Platforms
	EndGlobalSection
	GlobalSection(ProjectConfigurationPlatforms) = postSolution
		{073F4424-D2E3-4B3E-A9BC-CC9ECD59FBB1}.Debug|.NET.ActiveCfg = Debug|.NET
		{073F4424-D2E3-4B3E-A9BC-CC9ECD59FBB1}.Debug|.NET.Build.0 = Debug|.NET
		{073F4424-D2E3-4B3E-A9BC-CC9ECD59FBB1}.Debug|Any CPU.ActiveCfg = Debug|.NET
		{073F4424-D2E3-4B3E-A9BC-CC9ECD59FBB1}.Debug|Mixed Platforms.ActiveCfg = Debug|.NET
		{073F4424-D2E3-4B3E-A9BC-CC9ECD59FBB1}.Debug|Mixed Platforms.Build.0 = Debug|.NET
		{073F4424-D2E3-4B3E-A9BC-CC9ECD59FBB1}.Release|.NET.ActiveCfg = Debug|.NET
		{073F4424-D2E3-4B3E-A9BC-CC9ECD59FBB1}.Release|.NET.Build.0 = Debug|.NET
		{073F4424-D2E3-4B3E-A9BC-CC9ECD59FBB1}.Release|Any CPU.ActiveCfg = Debug|.NET
		{073F4424-D2E3-4B3E-A9BC-CC9ECD59FBB1}.Release|Mixed Platforms.ActiveCfg = Debug|.NET
		{073F4424-D2E3-4B3E-A9BC-CC9ECD59FBB1}.Release|Mixed Platforms.Build.0 = Debug|.NET
		{24B23C00-3672-460C-9873-6DA1CD0DFE76}.Debug|.NET.ActiveCfg = Debug|Any CPU
		{24B23C00-3672-460C-9873-6DA1CD0DFE76}.Debug|Any CPU.ActiveCfg = Debug|Any CPU
		{24B23C00-3672-460C-9873-6DA1CD0DFE76}.Debug|Any CPU.Build.0 = Debug|Any CPU
		{24B23C00-3672-460C-9873-6DA1CD0DFE76}.Debug|Mixed Platforms.ActiveCfg = Debug|Any CPU
		{24B23C00-3672-460C-9873-6DA1CD0DFE76}.Debug|Mixed Platforms.Build.0 = Debug|Any CPU
		{24B23C00-3672-460C-9873-6DA1CD0DFE76}.Release|.NET.ActiveCfg = Release|Any CPU
		{24B23C00-3672-460C-9873-6DA1CD0DFE76}.Release|Any CPU.ActiveCfg = Release|Any CPU
		{24B23C00-3672-460C-9873-6DA1CD0DFE76}.Release|Any CPU.Build.0 = Release|Any CPU
		{24B23C00-3672-460C-9873-6DA1CD0DFE76}.Release|Mixed Platforms.ActiveCfg = Release|Any CPU
		{24B23C00-3672-460C-9873-6DA1CD0DFE76}.Release|Mixed Platforms.Build.0 = Release|Any CPU
		{DD8901C6-27F9-4F50-8790-818A62F991CB}.Debug|.NET.ActiveCfg = Debug|Any CPU
		{DD8901C6-27F9-4F50-8790-818A62F991CB}.Debug|Any CPU.ActiveCfg = Debug|Any CPU
		{DD8901C6-27F9-4F50-8790-818A62F991CB}.Debug|Any CPU.Build.0 = Debug|Any CPU
		{DD8901C6-27F9-4F50-8790-818A62F991CB}.Debug|Mixed Platforms.ActiveCfg = Debug|Any CPU
		{DD8901C6-27F9-4F50-8790-818A62F991CB}.Debug|Mixed Platforms.Build.0 = Debug|Any CPU
		{DD8901C6-27F9-4F50-8790-818A62F991CB}.Release|.NET.ActiveCfg = Release|Any CPU
		{DD8901C6-27F9-4F50-8790-818A62F991CB}.Release|Any CPU.ActiveCfg = Release|Any CPU
		{DD8901C6-27F9-4F50-8790-818A62F991CB}.Release|Any CPU.Build.0 = Release|Any CPU
		{DD8901C6-27F9-4F50-8790-818A62F991CB}.Release|Mixed Platforms.ActiveCfg = Release|Any CPU
		{DD8901C6-27F9-4F50-8790-818A62F991CB}.Release|Mixed Platforms.Build.0 = Release|Any CPU
	EndGlobalSection
	GlobalSection(SolutionProperties) = preSolution
		HideSolutionNode = FALSE
	EndGlobalSection
EndGlobal
